// !$*UTF8*$!
{
	archiveVersion = 1;
	classes = {
	};
	objectVersion = 46;
	objects = {

/* Begin PBXBuildFile section */
		3103F82D180119BC004932F3 /* .gitignore in Resources */ = {isa = PBXBuildFile; fileRef = 3103F82A180119BC004932F3 /* .gitignore */; };
		3103F82E180119BC004932F3 /* README.md in Resources */ = {isa = PBXBuildFile; fileRef = 3103F82B180119BC004932F3 /* README.md */; };
		3103F82F180119BC004932F3 /* VenmoAppSwitch.framework in Frameworks */ = {isa = PBXBuildFile; fileRef = 3103F82C180119BC004932F3 /* VenmoAppSwitch.framework */; };
		3116A04E1801191C00308F34 /* Foundation.framework in Frameworks */ = {isa = PBXBuildFile; fileRef = 3116A04D1801191C00308F34 /* Foundation.framework */; };
		3116A0501801191C00308F34 /* CoreGraphics.framework in Frameworks */ = {isa = PBXBuildFile; fileRef = 3116A04F1801191C00308F34 /* CoreGraphics.framework */; };
		3116A0521801191C00308F34 /* UIKit.framework in Frameworks */ = {isa = PBXBuildFile; fileRef = 3116A0511801191C00308F34 /* UIKit.framework */; };
		3116A0581801191C00308F34 /* InfoPlist.strings in Resources */ = {isa = PBXBuildFile; fileRef = 3116A0561801191C00308F34 /* InfoPlist.strings */; };
		3116A05A1801191C00308F34 /* main.m in Sources */ = {isa = PBXBuildFile; fileRef = 3116A0591801191C00308F34 /* main.m */; };
		3116A05E1801191C00308F34 /* nvsAppDelegate.m in Sources */ = {isa = PBXBuildFile; fileRef = 3116A05D1801191C00308F34 /* nvsAppDelegate.m */; };
		3116A0601801191C00308F34 /* Images.xcassets in Resources */ = {isa = PBXBuildFile; fileRef = 3116A05F1801191C00308F34 /* Images.xcassets */; };
		3116A0671801191C00308F34 /* XCTest.framework in Frameworks */ = {isa = PBXBuildFile; fileRef = 3116A0661801191C00308F34 /* XCTest.framework */; };
		3116A0681801191C00308F34 /* Foundation.framework in Frameworks */ = {isa = PBXBuildFile; fileRef = 3116A04D1801191C00308F34 /* Foundation.framework */; };
		3116A0691801191C00308F34 /* UIKit.framework in Frameworks */ = {isa = PBXBuildFile; fileRef = 3116A0511801191C00308F34 /* UIKit.framework */; };
		3116A0711801191C00308F34 /* InfoPlist.strings in Resources */ = {isa = PBXBuildFile; fileRef = 3116A06F1801191C00308F34 /* InfoPlist.strings */; };
		3116A0731801191C00308F34 /* divvyTests.m in Sources */ = {isa = PBXBuildFile; fileRef = 3116A0721801191C00308F34 /* divvyTests.m */; };
/* End PBXBuildFile section */

/* Begin PBXContainerItemProxy section */
		3116A06A1801191C00308F34 /* PBXContainerItemProxy */ = {
			isa = PBXContainerItemProxy;
			containerPortal = 3116A0421801191C00308F34 /* Project object */;
			proxyType = 1;
			remoteGlobalIDString = 3116A0491801191C00308F34;
			remoteInfo = divvy;
		};
/* End PBXContainerItemProxy section */

/* Begin PBXFileReference section */
		3103F82A180119BC004932F3 /* .gitignore */ = {isa = PBXFileReference; fileEncoding = 4; lastKnownFileType = text; path = .gitignore; sourceTree = "<group>"; };
		3103F82B180119BC004932F3 /* README.md */ = {isa = PBXFileReference; fileEncoding = 4; lastKnownFileType = text; path = README.md; sourceTree = "<group>"; };
		3103F82C180119BC004932F3 /* VenmoAppSwitch.framework */ = {isa = PBXFileReference; lastKnownFileType = wrapper.framework; path = VenmoAppSwitch.framework; sourceTree = "<group>"; };
		3116A04A1801191C00308F34 /* divvy.app */ = {isa = PBXFileReference; explicitFileType = wrapper.application; includeInIndex = 0; path = divvy.app; sourceTree = BUILT_PRODUCTS_DIR; };
		3116A04D1801191C00308F34 /* Foundation.framework */ = {isa = PBXFileReference; lastKnownFileType = wrapper.framework; name = Foundation.framework; path = System/Library/Frameworks/Foundation.framework; sourceTree = SDKROOT; };
		3116A04F1801191C00308F34 /* CoreGraphics.framework */ = {isa = PBXFileReference; lastKnownFileType = wrapper.framework; name = CoreGraphics.framework; path = System/Library/Frameworks/CoreGraphics.framework; sourceTree = SDKROOT; };
		3116A0511801191C00308F34 /* UIKit.framework */ = {isa = PBXFileReference; lastKnownFileType = wrapper.framework; name = UIKit.framework; path = System/Library/Frameworks/UIKit.framework; sourceTree = SDKROOT; };
		3116A0551801191C00308F34 /* divvy-Info.plist */ = {isa = PBXFileReference; lastKnownFileType = text.plist.xml; path = "divvy-Info.plist"; sourceTree = "<group>"; };
		3116A0571801191C00308F34 /* en */ = {isa = PBXFileReference; lastKnownFileType = text.plist.strings; name = en; path = en.lproj/InfoPlist.strings; sourceTree = "<group>"; };
		3116A0591801191C00308F34 /* main.m */ = {isa = PBXFileReference; lastKnownFileType = sourcecode.c.objc; path = main.m; sourceTree = "<group>"; };
		3116A05B1801191C00308F34 /* divvy-Prefix.pch */ = {isa = PBXFileReference; lastKnownFileType = sourcecode.c.h; path = "divvy-Prefix.pch"; sourceTree = "<group>"; };
		3116A05C1801191C00308F34 /* nvsAppDelegate.h */ = {isa = PBXFileReference; lastKnownFileType = sourcecode.c.h; path = nvsAppDelegate.h; sourceTree = "<group>"; };
		3116A05D1801191C00308F34 /* nvsAppDelegate.m */ = {isa = PBXFileReference; lastKnownFileType = sourcecode.c.objc; path = nvsAppDelegate.m; sourceTree = "<group>"; };
		3116A05F1801191C00308F34 /* Images.xcassets */ = {isa = PBXFileReference; lastKnownFileType = folder.assetcatalog; path = Images.xcassets; sourceTree = "<group>"; };
		3116A0651801191C00308F34 /* divvyTests.xctest */ = {isa = PBXFileReference; explicitFileType = wrapper.cfbundle; includeInIndex = 0; path = divvyTests.xctest; sourceTree = BUILT_PRODUCTS_DIR; };
		3116A0661801191C00308F34 /* XCTest.framework */ = {isa = PBXFileReference; lastKnownFileType = wrapper.framework; name = XCTest.framework; path = Library/Frameworks/XCTest.framework; sourceTree = DEVELOPER_DIR; };
		3116A06E1801191C00308F34 /* divvyTests-Info.plist */ = {isa = PBXFileReference; lastKnownFileType = text.plist.xml; path = "divvyTests-Info.plist"; sourceTree = "<group>"; };
		3116A0701801191C00308F34 /* en */ = {isa = PBXFileReference; lastKnownFileType = text.plist.strings; name = en; path = en.lproj/InfoPlist.strings; sourceTree = "<group>"; };
		3116A0721801191C00308F34 /* divvyTests.m */ = {isa = PBXFileReference; lastKnownFileType = sourcecode.c.objc; path = divvyTests.m; sourceTree = "<group>"; };
/* End PBXFileReference section */

/* Begin PBXFrameworksBuildPhase section */
		3116A0471801191C00308F34 /* Frameworks */ = {
			isa = PBXFrameworksBuildPhase;
			buildActionMask = 2147483647;
			files = (
				3103F82F180119BC004932F3 /* VenmoAppSwitch.framework in Frameworks */,
				3116A0501801191C00308F34 /* CoreGraphics.framework in Frameworks */,
				3116A0521801191C00308F34 /* UIKit.framework in Frameworks */,
				3116A04E1801191C00308F34 /* Foundation.framework in Frameworks */,
			);
			runOnlyForDeploymentPostprocessing = 0;
		};
		3116A0621801191C00308F34 /* Frameworks */ = {
			isa = PBXFrameworksBuildPhase;
			buildActionMask = 2147483647;
			files = (
				3116A0671801191C00308F34 /* XCTest.framework in Frameworks */,
				3116A0691801191C00308F34 /* UIKit.framework in Frameworks */,
				3116A0681801191C00308F34 /* Foundation.framework in Frameworks */,
			);
			runOnlyForDeploymentPostprocessing = 0;
		};
/* End PBXFrameworksBuildPhase section */

/* Begin PBXGroup section */
		3103F829180119BC004932F3 /* app-switch-ios-framework-master */ = {
			isa = PBXGroup;
			children = (
				3103F82A180119BC004932F3 /* .gitignore */,
				3103F82B180119BC004932F3 /* README.md */,
				3103F82C180119BC004932F3 /* VenmoAppSwitch.framework */,
			);
			path = "app-switch-ios-framework-master";
			sourceTree = "<group>";
		};
		3116A0411801191C00308F34 = {
			isa = PBXGroup;
			children = (
				3103F829180119BC004932F3 /* app-switch-ios-framework-master */,
				3116A0531801191C00308F34 /* divvy */,
				3116A06C1801191C00308F34 /* divvyTests */,
				3116A04C1801191C00308F34 /* Frameworks */,
				3116A04B1801191C00308F34 /* Products */,
			);
			sourceTree = "<group>";
		};
		3116A04B1801191C00308F34 /* Products */ = {
			isa = PBXGroup;
			children = (
				3116A04A1801191C00308F34 /* divvy.app */,
				3116A0651801191C00308F34 /* divvyTests.xctest */,
			);
			name = Products;
			sourceTree = "<group>";
		};
		3116A04C1801191C00308F34 /* Frameworks */ = {
			isa = PBXGroup;
			children = (
				3116A04D1801191C00308F34 /* Foundation.framework */,
				3116A04F1801191C00308F34 /* CoreGraphics.framework */,
				3116A0511801191C00308F34 /* UIKit.framework */,
				3116A0661801191C00308F34 /* XCTest.framework */,
			);
			name = Frameworks;
			sourceTree = "<group>";
		};
		3116A0531801191C00308F34 /* divvy */ = {
			isa = PBXGroup;
			children = (
				3116A05C1801191C00308F34 /* nvsAppDelegate.h */,
				3116A05D1801191C00308F34 /* nvsAppDelegate.m */,
				3116A05F1801191C00308F34 /* Images.xcassets */,
				3116A0541801191C00308F34 /* Supporting Files */,
			);
			path = divvy;
			sourceTree = "<group>";
		};
		3116A0541801191C00308F34 /* Supporting Files */ = {
			isa = PBXGroup;
			children = (
				3116A0551801191C00308F34 /* divvy-Info.plist */,
				3116A0561801191C00308F34 /* InfoPlist.strings */,
				3116A0591801191C00308F34 /* main.m */,
				3116A05B1801191C00308F34 /* divvy-Prefix.pch */,
			);
			name = "Supporting Files";
			sourceTree = "<group>";
		};
		3116A06C1801191C00308F34 /* divvyTests */ = {
			isa = PBXGroup;
			children = (
				3116A0721801191C00308F34 /* divvyTests.m */,
				3116A06D1801191C00308F34 /* Supporting Files */,
			);
			path = divvyTests;
			sourceTree = "<group>";
		};
		3116A06D1801191C00308F34 /* Supporting Files */ = {
			isa = PBXGroup;
			children = (
				3116A06E1801191C00308F34 /* divvyTests-Info.plist */,
				3116A06F1801191C00308F34 /* InfoPlist.strings */,
			);
			name = "Supporting Files";
			sourceTree = "<group>";
		};
/* End PBXGroup section */

/* Begin PBXNativeTarget section */
		3116A0491801191C00308F34 /* divvy */ = {
			isa = PBXNativeTarget;
			buildConfigurationList = 3116A0761801191C00308F34 /* Build configuration list for PBXNativeTarget "divvy" */;
			buildPhases = (
				3116A0461801191C00308F34 /* Sources */,
				3116A0471801191C00308F34 /* Frameworks */,
				3116A0481801191C00308F34 /* Resources */,
			);
			buildRules = (
			);
			dependencies = (
			);
			name = divvy;
			productName = divvy;
			productReference = 3116A04A1801191C00308F34 /* divvy.app */;
			productType = "com.apple.product-type.application";
		};
		3116A0641801191C00308F34 /* divvyTests */ = {
			isa = PBXNativeTarget;
			buildConfigurationList = 3116A0791801191C00308F34 /* Build configuration list for PBXNativeTarget "divvyTests" */;
			buildPhases = (
				3116A0611801191C00308F34 /* Sources */,
				3116A0621801191C00308F34 /* Frameworks */,
				3116A0631801191C00308F34 /* Resources */,
			);
			buildRules = (
			);
			dependencies = (
				3116A06B1801191C00308F34 /* PBXTargetDependency */,
			);
			name = divvyTests;
			productName = divvyTests;
			productReference = 3116A0651801191C00308F34 /* divvyTests.xctest */;
			productType = "com.apple.product-type.bundle.unit-test";
		};
/* End PBXNativeTarget section */

/* Begin PBXProject section */
		3116A0421801191C00308F34 /* Project object */ = {
			isa = PBXProject;
			attributes = {
				CLASSPREFIX = nvs;
				LastUpgradeCheck = 0500;
				ORGANIZATIONNAME = "Nikhil Srinivasan";
				TargetAttributes = {
					3116A0491801191C00308F34 = {
						DevelopmentTeam = NF78B4JD3Q;
					};
					3116A0641801191C00308F34 = {
						TestTargetID = 3116A0491801191C00308F34;
					};
				};
			};
			buildConfigurationList = 3116A0451801191C00308F34 /* Build configuration list for PBXProject "divvy" */;
			compatibilityVersion = "Xcode 3.2";
			developmentRegion = English;
			hasScannedForEncodings = 0;
			knownRegions = (
				en,
			);
			mainGroup = 3116A0411801191C00308F34;
			productRefGroup = 3116A04B1801191C00308F34 /* Products */;
			projectDirPath = "";
			projectRoot = "";
			targets = (
				3116A0491801191C00308F34 /* divvy */,
				3116A0641801191C00308F34 /* divvyTests */,
			);
		};
/* End PBXProject section */

/* Begin PBXResourcesBuildPhase section */
		3116A0481801191C00308F34 /* Resources */ = {
			isa = PBXResourcesBuildPhase;
			buildActionMask = 2147483647;
			files = (
				3116A0581801191C00308F34 /* InfoPlist.strings in Resources */,
				3103F82D180119BC004932F3 /* .gitignore in Resources */,
				3103F82E180119BC004932F3 /* README.md in Resources */,
				3116A0601801191C00308F34 /* Images.xcassets in Resources */,
			);
			runOnlyForDeploymentPostprocessing = 0;
		};
		3116A0631801191C00308F34 /* Resources */ = {
			isa = PBXResourcesBuildPhase;
			buildActionMask = 2147483647;
			files = (
				3116A0711801191C00308F34 /* InfoPlist.strings in Resources */,
			);
			runOnlyForDeploymentPostprocessing = 0;
		};
/* End PBXResourcesBuildPhase section */

/* Begin PBXSourcesBuildPhase section */
		3116A0461801191C00308F34 /* Sources */ = {
			isa = PBXSourcesBuildPhase;
			buildActionMask = 2147483647;
			files = (
				3116A05E1801191C00308F34 /* nvsAppDelegate.m in Sources */,
				3116A05A1801191C00308F34 /* main.m in Sources */,
			);
			runOnlyForDeploymentPostprocessing = 0;
		};
		3116A0611801191C00308F34 /* Sources */ = {
			isa = PBXSourcesBuildPhase;
			buildActionMask = 2147483647;
			files = (
				3116A0731801191C00308F34 /* divvyTests.m in Sources */,
			);
			runOnlyForDeploymentPostprocessing = 0;
		};
/* End PBXSourcesBuildPhase section */

/* Begin PBXTargetDependency section */
		3116A06B1801191C00308F34 /* PBXTargetDependency */ = {
			isa = PBXTargetDependency;
			target = 3116A0491801191C00308F34 /* divvy */;
			targetProxy = 3116A06A1801191C00308F34 /* PBXContainerItemProxy */;
		};
/* End PBXTargetDependency section */

/* Begin PBXVariantGroup section */
		3116A0561801191C00308F34 /* InfoPlist.strings */ = {
			isa = PBXVariantGroup;
			children = (
				3116A0571801191C00308F34 /* en */,
			);
			name = InfoPlist.strings;
			sourceTree = "<group>";
		};
		3116A06F1801191C00308F34 /* InfoPlist.strings */ = {
			isa = PBXVariantGroup;
			children = (
				3116A0701801191C00308F34 /* en */,
			);
			name = InfoPlist.strings;
			sourceTree = "<group>";
		};
/* End PBXVariantGroup section */

/* Begin XCBuildConfiguration section */
		3116A0741801191C00308F34 /* Debug */ = {
			isa = XCBuildConfiguration;
			buildSettings = {
				ALWAYS_SEARCH_USER_PATHS = NO;
				ARCHS = "$(ARCHS_STANDARD_INCLUDING_64_BIT)";
				CLANG_CXX_LANGUAGE_STANDARD = "gnu++0x";
				CLANG_CXX_LIBRARY = "libc++";
				CLANG_ENABLE_MODULES = YES;
				CLANG_ENABLE_OBJC_ARC = YES;
				CLANG_WARN_BOOL_CONVERSION = YES;
				CLANG_WARN_CONSTANT_CONVERSION = YES;
				CLANG_WARN_DIRECT_OBJC_ISA_USAGE = YES_ERROR;
				CLANG_WARN_EMPTY_BODY = YES;
				CLANG_WARN_ENUM_CONVERSION = YES;
				CLANG_WARN_INT_CONVERSION = YES;
				CLANG_WARN_OBJC_ROOT_CLASS = YES_ERROR;
				CLANG_WARN__DUPLICATE_METHOD_MATCH = YES;
				"CODE_SIGN_IDENTITY[sdk=iphoneos*]" = "iPhone Developer";
				COPY_PHASE_STRIP = NO;
				GCC_C_LANGUAGE_STANDARD = gnu99;
				GCC_DYNAMIC_NO_PIC = NO;
				GCC_OPTIMIZATION_LEVEL = 0;
				GCC_PREPROCESSOR_DEFINITIONS = (
					"DEBUG=1",
					"$(inherited)",
				);
				GCC_SYMBOLS_PRIVATE_EXTERN = NO;
				GCC_WARN_64_TO_32_BIT_CONVERSION = YES;
				GCC_WARN_ABOUT_RETURN_TYPE = YES_ERROR;
				GCC_WARN_UNDECLARED_SELECTOR = YES;
				GCC_WARN_UNINITIALIZED_AUTOS = YES;
				GCC_WARN_UNUSED_FUNCTION = YES;
				GCC_WARN_UNUSED_VARIABLE = YES;
				IPHONEOS_DEPLOYMENT_TARGET = 7.0;
				ONLY_ACTIVE_ARCH = YES;
				SDKROOT = iphoneos;
			};
			name = Debug;
		};
		3116A0751801191C00308F34 /* Release */ = {
			isa = XCBuildConfiguration;
			buildSettings = {
				ALWAYS_SEARCH_USER_PATHS = NO;
				ARCHS = "$(ARCHS_STANDARD_INCLUDING_64_BIT)";
				CLANG_CXX_LANGUAGE_STANDARD = "gnu++0x";
				CLANG_CXX_LIBRARY = "libc++";
				CLANG_ENABLE_MODULES = YES;
				CLANG_ENABLE_OBJC_ARC = YES;
				CLANG_WARN_BOOL_CONVERSION = YES;
				CLANG_WARN_CONSTANT_CONVERSION = YES;
				CLANG_WARN_DIRECT_OBJC_ISA_USAGE = YES_ERROR;
				CLANG_WARN_EMPTY_BODY = YES;
				CLANG_WARN_ENUM_CONVERSION = YES;
				CLANG_WARN_INT_CONVERSION = YES;
				CLANG_WARN_OBJC_ROOT_CLASS = YES_ERROR;
				CLANG_WARN__DUPLICATE_METHOD_MATCH = YES;
				"CODE_SIGN_IDENTITY[sdk=iphoneos*]" = "iPhone Developer";
				COPY_PHASE_STRIP = YES;
				ENABLE_NS_ASSERTIONS = NO;
				GCC_C_LANGUAGE_STANDARD = gnu99;
				GCC_WARN_64_TO_32_BIT_CONVERSION = YES;
				GCC_WARN_ABOUT_RETURN_TYPE = YES_ERROR;
				GCC_WARN_UNDECLARED_SELECTOR = YES;
				GCC_WARN_UNINITIALIZED_AUTOS = YES;
				GCC_WARN_UNUSED_FUNCTION = YES;
				GCC_WARN_UNUSED_VARIABLE = YES;
				IPHONEOS_DEPLOYMENT_TARGET = 7.0;
				SDKROOT = iphoneos;
				VALIDATE_PRODUCT = YES;
			};
			name = Release;
		};
		3116A0771801191C00308F34 /* Debug */ = {
			isa = XCBuildConfiguration;
			buildSettings = {
				ASSETCATALOG_COMPILER_APPICON_NAME = AppIcon;
				ASSETCATALOG_COMPILER_LAUNCHIMAGE_NAME = LaunchImage;
				CODE_SIGN_IDENTITY = "iPhone Developer";
				"CODE_SIGN_IDENTITY[sdk=iphoneos*]" = "iPhone Developer";
				FRAMEWORK_SEARCH_PATHS = (
					"$(inherited)",
					"/Users/nikhil/Dropbox/projects/divvy-iOS/app-switch-ios-framework-master",
				);
				GCC_PRECOMPILE_PREFIX_HEADER = YES;
				GCC_PREFIX_HEADER = "divvy/divvy-Prefix.pch";
				INFOPLIST_FILE = "divvy/divvy-Info.plist";
				PRODUCT_NAME = "$(TARGET_NAME)";
				PROVISIONING_PROFILE = "";
				WRAPPER_EXTENSION = app;
			};
			name = Debug;
		};
		3116A0781801191C00308F34 /* Release */ = {
			isa = XCBuildConfiguration;
			buildSettings = {
				ASSETCATALOG_COMPILER_APPICON_NAME = AppIcon;
				ASSETCATALOG_COMPILER_LAUNCHIMAGE_NAME = LaunchImage;
				CODE_SIGN_IDENTITY = "iPhone Developer";
				"CODE_SIGN_IDENTITY[sdk=iphoneos*]" = "iPhone Developer";
				FRAMEWORK_SEARCH_PATHS = (
					"$(inherited)",
					"/Users/nikhil/Dropbox/projects/divvy-iOS/app-switch-ios-framework-master",
				);
				GCC_PRECOMPILE_PREFIX_HEADER = YES;
				GCC_PREFIX_HEADER = "divvy/divvy-Prefix.pch";
				INFOPLIST_FILE = "divvy/divvy-Info.plist";
				PRODUCT_NAME = "$(TARGET_NAME)";
				PROVISIONING_PROFILE = "";
				WRAPPER_EXTENSION = app;
			};
			name = Release;
		};
		3116A07A1801191C00308F34 /* Debug */ = {
			isa = XCBuildConfiguration;
			buildSettings = {
				ARCHS = "$(ARCHS_STANDARD_INCLUDING_64_BIT)";
				BUNDLE_LOADER = "$(BUILT_PRODUCTS_DIR)/divvy.app/divvy";
				FRAMEWORK_SEARCH_PATHS = (
					"$(SDKROOT)/Developer/Library/Frameworks",
					"$(inherited)",
					"$(DEVELOPER_FRAMEWORKS_DIR)",
				);
				GCC_PRECOMPILE_PREFIX_HEADER = YES;
				GCC_PREFIX_HEADER = "divvy/divvy-Prefix.pch";
				GCC_PREPROCESSOR_DEFINITIONS = (
					"DEBUG=1",
					"$(inherited)",
				);
				INFOPLIST_FILE = "divvyTests/divvyTests-Info.plist";
				PRODUCT_NAME = "$(TARGET_NAME)";
				TEST_HOST = "$(BUNDLE_LOADER)";
				WRAPPER_EXTENSION = xctest;
			};
			name = Debug;
		};
		3116A07B1801191C00308F34 /* Release */ = {
			isa = XCBuildConfiguration;
			buildSettings = {
				ARCHS = "$(ARCHS_STANDARD_INCLUDING_64_BIT)";
				BUNDLE_LOADER = "$(BUILT_PRODUCTS_DIR)/divvy.app/divvy";
				FRAMEWORK_SEARCH_PATHS = (
					"$(SDKROOT)/Developer/Library/Frameworks",
					"$(inherited)",
					"$(DEVELOPER_FRAMEWORKS_DIR)",
				);
				GCC_PRECOMPILE_PREFIX_HEADER = YES;
				GCC_PREFIX_HEADER = "divvy/divvy-Prefix.pch";
				INFOPLIST_FILE = "divvyTests/divvyTests-Info.plist";
				PRODUCT_NAME = "$(TARGET_NAME)";
				TEST_HOST = "$(BUNDLE_LOADER)";
				WRAPPER_EXTENSION = xctest;
			};
			name = Release;
		};
/* End XCBuildConfiguration section */

/* Begin XCConfigurationList section */
		3116A0451801191C00308F34 /* Build configuration list for PBXProject "divvy" */ = {
			isa = XCConfigurationList;
			buildConfigurations = (
				3116A0741801191C00308F34 /* Debug */,
				3116A0751801191C00308F34 /* Release */,
			);
			defaultConfigurationIsVisible = 0;
			defaultConfigurationName = Release;
		};
		3116A0761801191C00308F34 /* Build configuration list for PBXNativeTarget "divvy" */ = {
			isa = XCConfigurationList;
			buildConfigurations = (
				3116A0771801191C00308F34 /* Debug */,
				3116A0781801191C00308F34 /* Release */,
			);
			defaultConfigurationIsVisible = 0;
			defaultConfigurationName = Release;
		};
		3116A0791801191C00308F34 /* Build configuration list for PBXNativeTarget "divvyTests" */ = {
			isa = XCConfigurationList;
			buildConfigurations = (
				3116A07A1801191C00308F34 /* Debug */,
				3116A07B1801191C00308F34 /* Release */,
			);
			defaultConfigurationIsVisible = 0;
			defaultConfigurationName = Release;
		};
/* End XCConfigurationList section */
	};
	rootObject = 3116A0421801191C00308F34 /* Project object */;
}
